{
  "name": "webflow-hacks",
  "version": "1.0.0",
  "lockfileVersion": 1,
  "requires": true,
  "dependencies": {
    "@types/body-scroll-lock": {
      "version": "2.6.1",
      "resolved": "https://registry.npmjs.org/@types/body-scroll-lock/-/body-scroll-lock-2.6.1.tgz",
      "integrity": "sha512-PPFm/2A6LfKmSpvMg58gHtSqwwMChbcKKGhSCRIhY4MyFzhY8moAN6HrTCpOeZQUqkFdTFfMqr7njeqGLKt72Q=="
    },
    "body-scroll-lock": {
      "version": "3.1.5",
      "resolved": "https://registry.npmjs.org/body-scroll-lock/-/body-scroll-lock-3.1.5.tgz",
      "integrity": "sha512-Yi1Xaml0EvNA0OYWxXiYNqY24AfWkbA6w5vxE7GWxtKfzIbZM+Qw+aSmkgsbWzbHiy/RCSkUZBplVxTA+E4jJg=="
    },
    "esbuild": {
      "version": "0.8.53",
      "resolved": "https://registry.npmjs.org/esbuild/-/esbuild-0.8.53.tgz",
      "integrity": "sha512-GIaYGdMukH58hu+lf07XWAeESBYFAsz8fXnrylHDCbBXKOSNtFmoYA8PhSeSF+3/qzeJ0VjzV9AkLURo5yfu3g=="
    }
  }
}
